#MicroXplorer Configuration settings - do not modify
CAD.formats=
CAD.pinconfig=
CAD.provider=
CORTEX_M7.AccessPermission_S-Cortex_Memory_Protection_Unit_Region1_Settings_S=MPU_REGION_FULL_ACCESS
CORTEX_M7.AccessPermission_Spec=MPU_REGION_FULL_ACCESS
CORTEX_M7.BaseAddress_S-Cortex_Memory_Protection_Unit_Region1_Settings_S=0x240CB800
CORTEX_M7.BaseAddress_Spec=0x24000000
CORTEX_M7.CPU_DCache=Enabled
CORTEX_M7.CPU_ICache=Enabled
CORTEX_M7.DisableExec_S-Cortex_Memory_Protection_Unit_Region1_Settings_S=MPU_INSTRUCTION_ACCESS_DISABLE
CORTEX_M7.Enable_S-Cortex_Memory_Protection_Unit_Region1_Settings_S=MPU_REGION_ENABLE
CORTEX_M7.IPParameters=default_mode_Activation,CPU_ICache,CPU_DCache,BaseAddress_Spec,Size_Spec,SubRegionDisable_Spec,IsShareable_Spec,IsCacheable_Spec,IsBufferable_Spec,Enable_S-Cortex_Memory_Protection_Unit_Region1_Settings_S,BaseAddress_S-Cortex_Memory_Protection_Unit_Region1_Settings_S,Size_S-Cortex_Memory_Protection_Unit_Region1_Settings_S,AccessPermission_S-Cortex_Memory_Protection_Unit_Region1_Settings_S,DisableExec_S-Cortex_Memory_Protection_Unit_Region1_Settings_S,IsCacheable_S-Cortex_Memory_Protection_Unit_Region1_Settings_S,IsBufferable_S-Cortex_Memory_Protection_Unit_Region1_Settings_S,TypeExtField_Spec,AccessPermission_Spec
CORTEX_M7.IsBufferable_S-Cortex_Memory_Protection_Unit_Region1_Settings_S=MPU_ACCESS_BUFFERABLE
CORTEX_M7.IsBufferable_Spec=MPU_ACCESS_NOT_BUFFERABLE
CORTEX_M7.IsCacheable_S-Cortex_Memory_Protection_Unit_Region1_Settings_S=MPU_ACCESS_CACHEABLE
CORTEX_M7.IsCacheable_Spec=MPU_ACCESS_NOT_CACHEABLE
CORTEX_M7.IsShareable_Spec=MPU_ACCESS_NOT_SHAREABLE
CORTEX_M7.Size_S-Cortex_Memory_Protection_Unit_Region1_Settings_S=MPU_REGION_SIZE_256B
CORTEX_M7.Size_Spec=MPU_REGION_SIZE_1MB
CORTEX_M7.SubRegionDisable_Spec=0xc0
CORTEX_M7.TypeExtField_Spec=MPU_TEX_LEVEL1
CORTEX_M7.default_mode_Activation=1
FREERTOS.IPParameters=Tasks01,configTOTAL_HEAP_SIZE,configENABLE_FPU
FREERTOS.Tasks01=defaultTask,24,128,StartDefaultTask,Default,NULL,Dynamic,NULL,NULL
FREERTOS.configENABLE_FPU=1
FREERTOS.configTOTAL_HEAP_SIZE=32768
File.Version=6
GPIO.groupedBy=Group By Peripherals
I2C1.I2C_Speed_Mode=I2C_Fast
I2C1.IPParameters=Timing,I2C_Speed_Mode
I2C1.Timing=0x00D04BFF
KeepUserPlacement=false
LTDC.ActiveH=272
LTDC.ActiveW=480
LTDC.Alpha_L0=255
LTDC.DEPolarity=LTDC_DEPOLARITY_AL
LTDC.FBStartAdress_L0=0x24000000
LTDC.HBP=43
LTDC.HFP=8
LTDC.HSync=4
LTDC.IPParameters=ActiveW,HSync,HBP,HFP,VSync,VBP,VFP,Layers,FBStartAdress_L0,PixelFormat_L0,WindowX1_L0,WindowY1_L0,ImageWidth_L0,ImageHeight_L0,Alpha_L0,ActiveH,DEPolarity
LTDC.ImageHeight_L0=480
LTDC.ImageWidth_L0=800
LTDC.Layers=0
LTDC.PixelFormat_L0=LTDC_PIXEL_FORMAT_RGB565
LTDC.VBP=12
LTDC.VFP=2
LTDC.VSync=4
LTDC.WindowX1_L0=799
LTDC.WindowY1_L0=479
MMTAppReg1.MEMORYMAP.AppRegionName=DTCMRAM
MMTAppReg1.MEMORYMAP.ContextName=Cortex-M7NS
MMTAppReg1.MEMORYMAP.CoreName=Arm Cortex-M7
MMTAppReg1.MEMORYMAP.IPParameters=StartAddress,Size,CoreName,ContextName,Name
MMTAppReg1.MEMORYMAP.Name=DTCMRAM
MMTAppReg1.MEMORYMAP.Size=131072
MMTAppReg1.MEMORYMAP.StartAddress=0x20000000
MMTAppReg2.MEMORYMAP.AppRegionName=RAM
MMTAppReg2.MEMORYMAP.ContextName=Cortex-M7NS
MMTAppReg2.MEMORYMAP.CoreName=Arm Cortex-M7
MMTAppReg2.MEMORYMAP.DefaultDataRegion=true
MMTAppReg2.MEMORYMAP.IPParameters=StartAddress,Size,CoreName,ContextName,Name,DefaultDataRegion
MMTAppReg2.MEMORYMAP.Name=RAM
MMTAppReg2.MEMORYMAP.Size=1048576
MMTAppReg2.MEMORYMAP.StartAddress=0x24000000
MMTAppReg3.MEMORYMAP.AppRegionName=ITCMRAM
MMTAppReg3.MEMORYMAP.Cacheability=WTRA
MMTAppReg3.MEMORYMAP.ContextName=Cortex-M7NS
MMTAppReg3.MEMORYMAP.CoreName=Arm Cortex-M7
MMTAppReg3.MEMORYMAP.IPParameters=StartAddress,Size,CoreName,ContextName,Name,Cacheability
MMTAppReg3.MEMORYMAP.Name=ITCMRAM
MMTAppReg3.MEMORYMAP.Size=65536
MMTAppReg3.MEMORYMAP.StartAddress=0x00000000
MMTAppReg4.MEMORYMAP.AP=RO_priv_only
MMTAppReg4.MEMORYMAP.AppRegionName=FLASH
MMTAppReg4.MEMORYMAP.Cacheability=WTRA
MMTAppReg4.MEMORYMAP.ContextName=Cortex-M7NS
MMTAppReg4.MEMORYMAP.CoreName=Arm Cortex-M7
MMTAppReg4.MEMORYMAP.DefaultCodeRegion=true
MMTAppReg4.MEMORYMAP.IPParameters=StartAddress,Size,CoreName,MemType,ContextName,Name,AP,Cacheability,DefaultCodeRegion,ISRRegion,RootBootRegion
MMTAppReg4.MEMORYMAP.ISRRegion=true
MMTAppReg4.MEMORYMAP.MemType=ROM
MMTAppReg4.MEMORYMAP.Name=FLASH
MMTAppReg4.MEMORYMAP.RootBootRegion=true
MMTAppReg4.MEMORYMAP.Size=131072
MMTAppReg4.MEMORYMAP.StartAddress=0x08000000
MMTAppRegionsCount=4
MMTConfigApplied=false
MMTSectionSuffix=
Mcu.CPN=STM32H7B0VBT6
Mcu.Family=STM32H7
Mcu.IP0=CORTEX_M7
Mcu.IP1=DEBUG
Mcu.IP10=SYS
Mcu.IP11=TIM4
Mcu.IP12=USART1
Mcu.IP13=USB_DEVICE
Mcu.IP14=USB_OTG_HS
Mcu.IP2=DMA2D
Mcu.IP3=FREERTOS
Mcu.IP4=I2C1
Mcu.IP5=LTDC
Mcu.IP6=MEMORYMAP
Mcu.IP7=NVIC
Mcu.IP8=RCC
Mcu.IP9=SPI3
Mcu.IPNb=15
Mcu.Name=STM32H7B0VBTx
Mcu.Package=LQFP100
Mcu.Pin0=PE3
Mcu.Pin1=PE4
Mcu.Pin10=PA1
Mcu.Pin11=PA2
Mcu.Pin12=PA3
Mcu.Pin13=PA5
Mcu.Pin14=PA6
Mcu.Pin15=PA7
Mcu.Pin16=PB0
Mcu.Pin17=PB1
Mcu.Pin18=PE11
Mcu.Pin19=PE12
Mcu.Pin2=PE5
Mcu.Pin20=PE13
Mcu.Pin21=PE14
Mcu.Pin22=PE15
Mcu.Pin23=PB10
Mcu.Pin24=PB11
Mcu.Pin25=PD10
Mcu.Pin26=PD15
Mcu.Pin27=PC6
Mcu.Pin28=PC7
Mcu.Pin29=PA9
Mcu.Pin3=PE6
Mcu.Pin30=PA10
Mcu.Pin31=PA11
Mcu.Pin32=PA12
Mcu.Pin33=PA13
Mcu.Pin34=PA14
Mcu.Pin35=PA15
Mcu.Pin36=PD3
Mcu.Pin37=PD6
Mcu.Pin38=PB3
Mcu.Pin39=PB4
Mcu.Pin4=PC14-OSC32_IN
Mcu.Pin40=PB5
Mcu.Pin41=PB6
Mcu.Pin42=PB7
Mcu.Pin43=PB8
Mcu.Pin44=PB9
Mcu.Pin45=VP_DMA2D_VS_DMA2D
Mcu.Pin46=VP_FREERTOS_VS_CMSIS_V2
Mcu.Pin47=VP_SYS_VS_tim8
Mcu.Pin48=VP_TIM4_VS_ClockSourceINT
Mcu.Pin49=VP_USB_DEVICE_VS_USB_DEVICE_CDC_HS
Mcu.Pin5=PC15-OSC32_OUT
Mcu.Pin50=VP_MEMORYMAP_VS_MEMORYMAP
Mcu.Pin6=PH0-OSC_IN
Mcu.Pin7=PH1-OSC_OUT
Mcu.Pin8=PC0
Mcu.Pin9=PC1
Mcu.PinsNb=51
Mcu.ThirdPartyNb=0
Mcu.UserConstants=
Mcu.UserName=STM32H7B0VBTx
MxCube.Version=6.17.0
MxDb.Version=DB.6.0.170
NVIC.BusFault_IRQn=true\:0\:0\:false\:false\:true\:false\:false\:false\:false
NVIC.DMA2D_IRQn=true\:5\:0\:false\:false\:true\:true\:true\:true\:true
NVIC.DebugMonitor_IRQn=true\:0\:0\:false\:false\:true\:false\:false\:false\:false
NVIC.EXTI4_IRQn=true\:5\:0\:true\:false\:true\:false\:true\:true\:true
NVIC.ForceEnableDMAVector=true
NVIC.HardFault_IRQn=true\:0\:0\:false\:false\:true\:false\:false\:false\:false
NVIC.I2C1_ER_IRQn=true\:5\:0\:false\:false\:true\:true\:true\:true\:true
NVIC.I2C1_EV_IRQn=true\:5\:0\:false\:false\:true\:true\:true\:true\:true
NVIC.LTDC_IRQn=true\:5\:0\:false\:false\:true\:true\:true\:true\:true
NVIC.MemoryManagement_IRQn=true\:0\:0\:false\:false\:true\:false\:false\:false\:false
NVIC.NonMaskableInt_IRQn=true\:0\:0\:false\:false\:true\:false\:false\:false\:false
NVIC.OTG_HS_IRQn=true\:5\:0\:false\:false\:true\:true\:false\:true\:true
NVIC.PendSV_IRQn=true\:15\:0\:false\:false\:false\:true\:false\:false\:false
NVIC.PriorityGroup=NVIC_PRIORITYGROUP_4
NVIC.SPI3_IRQn=true\:5\:0\:false\:false\:true\:true\:true\:true\:true
NVIC.SVCall_IRQn=true\:0\:0\:false\:false\:false\:false\:false\:false\:false
NVIC.SavedPendsvIrqHandlerGenerated=true
NVIC.SavedSvcallIrqHandlerGenerated=true
NVIC.SavedSystickIrqHandlerGenerated=true
NVIC.SysTick_IRQn=true\:15\:0\:false\:false\:false\:true\:false\:true\:false
NVIC.TIM8_UP_TIM13_IRQn=true\:15\:0\:false\:false\:true\:false\:false\:true\:true
NVIC.TimeBase=TIM8_UP_TIM13_IRQn
NVIC.TimeBaseIP=TIM8
NVIC.UsageFault_IRQn=true\:0\:0\:false\:false\:true\:false\:false\:false\:false
PA1.Locked=true
PA1.Signal=LTDC_R2
PA10.Locked=true
PA10.Mode=Asynchronous
PA10.Signal=USART1_RX
PA11.Locked=true
PA11.Mode=Device_Only_FS
PA11.Signal=USB_OTG_HS_DM
PA12.Locked=true
PA12.Mode=Device_Only_FS
PA12.Signal=USB_OTG_HS_DP
PA13.Mode=Serial_Wire
PA13.Signal=DEBUG_JTMS-SWDIO
PA14.Mode=Serial_Wire
PA14.Signal=DEBUG_JTCK-SWCLK
PA15.Locked=true
PA15.Signal=SPI3_NSS
PA2.Signal=LTDC_R1
PA3.Locked=true
PA3.Mode=RGB565
PA3.Signal=LTDC_B5
PA5.Locked=true
PA5.Mode=RGB565
PA5.Signal=LTDC_R4
PA6.Locked=true
PA6.Mode=RGB565
PA6.Signal=LTDC_G2
PA7.Locked=true
PA7.Mode=RGB565
PA7.Signal=LTDC_VSYNC
PA9.Locked=true
PA9.Mode=Asynchronous
PA9.Signal=USART1_TX
PB0.Locked=true
PB0.Mode=RGB565
PB0.Signal=LTDC_R3
PB1.Locked=true
PB1.Mode=RGB565
PB1.Signal=LTDC_R6
PB10.Locked=true
PB10.Mode=RGB565
PB10.Signal=LTDC_G4
PB11.Locked=true
PB11.Mode=RGB565
PB11.Signal=LTDC_G5
PB3.Locked=true
PB3.Mode=Full_Duplex_Master
PB3.Signal=SPI3_SCK
PB4.Locked=true
PB4.Mode=Full_Duplex_Master
PB4.Signal=SPI3_MISO
PB5.Locked=true
PB5.Mode=Full_Duplex_Master
PB5.Signal=SPI3_MOSI
PB6.Mode=I2C
PB6.Signal=I2C1_SCL
PB7.Mode=I2C
PB7.Signal=I2C1_SDA
PB8.Locked=true
PB8.Mode=RGB565
PB8.Signal=LTDC_B6
PB9.Locked=true
PB9.Mode=RGB565
PB9.Signal=LTDC_B7
PC0.Locked=true
PC0.Mode=RGB565
PC0.Signal=LTDC_R5
PC1.GPIOParameters=GPIO_Label
PC1.GPIO_Label=LED_PC1
PC1.Locked=true
PC1.Signal=GPIO_Output
PC14-OSC32_IN.Mode=LSE-External-Oscillator
PC14-OSC32_IN.Signal=RCC_OSC32_IN
PC15-OSC32_OUT.Mode=LSE-External-Oscillator
PC15-OSC32_OUT.Signal=RCC_OSC32_OUT
PC6.Locked=true
PC6.Mode=RGB565
PC6.Signal=LTDC_HSYNC
PC7.Locked=true
PC7.Mode=RGB565
PC7.Signal=LTDC_G6
PCC.Checker=false
PCC.Display=Plot\: All Steps
PCC.Line=STM32H7B0 Value line
PCC.MCU=STM32H7B0VBTx
PCC.PartNumber=STM32H7B0VBTx
PCC.Series=STM32H7
PCC.Temperature=25
PCC.Vdd=3.0
PD10.Locked=true
PD10.Mode=RGB565
PD10.Signal=LTDC_B3
PD15.Locked=true
PD15.Signal=S_TIM4_CH4
PD3.Locked=true
PD3.Mode=RGB565
PD3.Signal=LTDC_G7
PD6.Locked=true
PD6.Signal=LTDC_B2
PE11.Locked=true
PE11.Mode=RGB565
PE11.Signal=LTDC_G3
PE12.Locked=true
PE12.Mode=RGB565
PE12.Signal=LTDC_B4
PE13.Locked=true
PE13.Mode=RGB565
PE13.Signal=LTDC_DE
PE14.Locked=true
PE14.Mode=RGB565
PE14.Signal=LTDC_CLK
PE15.Locked=true
PE15.Mode=RGB565
PE15.Signal=LTDC_R7
PE3.GPIOParameters=GPIO_Speed,GPIO_PuPd,GPIO_Label
PE3.GPIO_Label=CTP_NRST
PE3.GPIO_PuPd=GPIO_PULLUP
PE3.GPIO_Speed=GPIO_SPEED_FREQ_VERY_HIGH
PE3.Locked=true
PE3.Signal=GPIO_Output
PE4.GPIOParameters=GPIO_PuPd,GPIO_Label,GPIO_ModeDefaultEXTI
PE4.GPIO_Label=CTP_NINT
PE4.GPIO_ModeDefaultEXTI=GPIO_MODE_IT_FALLING
PE4.GPIO_PuPd=GPIO_PULLUP
PE4.Locked=true
PE4.Signal=GPXTI4
PE5.GPIOParameters=GPIO_Speed,PinState,GPIO_PuPd,GPIO_Label
PE5.GPIO_Label=CTP_SCLK
PE5.GPIO_PuPd=GPIO_PULLUP
PE5.GPIO_Speed=GPIO_SPEED_FREQ_VERY_HIGH
PE5.Locked=true
PE5.PinState=GPIO_PIN_SET
PE5.Signal=GPIO_Output
PE6.GPIOParameters=GPIO_Speed,PinState,GPIO_PuPd,GPIO_Label
PE6.GPIO_Label=CTP_SDA
PE6.GPIO_PuPd=GPIO_PULLUP
PE6.GPIO_Speed=GPIO_SPEED_FREQ_VERY_HIGH
PE6.Locked=true
PE6.PinState=GPIO_PIN_SET
PE6.Signal=GPIO_Output
PH0-OSC_IN.Mode=HSE-External-Oscillator
PH0-OSC_IN.Signal=RCC_OSC_IN
PH1-OSC_OUT.Mode=HSE-External-Oscillator
PH1-OSC_OUT.Signal=RCC_OSC_OUT
PinOutPanel.RotationAngle=0
ProjectManager.AskForMigrate=true
ProjectManager.BackupPrevious=false
ProjectManager.CompilerLinker=GCC
ProjectManager.CompilerOptimize=6
ProjectManager.ComputerToolchain=false
ProjectManager.CoupleFile=false
ProjectManager.CustomerFirmwarePackage=
ProjectManager.DefaultFWLocation=true
ProjectManager.DeletePrevious=true
ProjectManager.DeviceId=STM32H7B0VBTx
ProjectManager.FirmwarePackage=STM32Cube FW_H7 V1.13.0
ProjectManager.FreePins=false
ProjectManager.FreePinsContext=
ProjectManager.HalAssertFull=false
ProjectManager.HeapSize=0x200
ProjectManager.KeepUserCode=true
ProjectManager.LastFirmware=true
ProjectManager.LibraryCopy=0
ProjectManager.MainLocation=Core/Src
ProjectManager.NoMain=false
ProjectManager.PreviousToolchain=
ProjectManager.ProjectBuild=false
ProjectManager.ProjectFileName=FK7B0M1-VBT6-FREERTOS_480x272.ioc
ProjectManager.ProjectName=FK7B0M1-VBT6-FREERTOS_480x272
ProjectManager.ProjectStructure=
ProjectManager.RegisterCallBack=DMA2D,LTDC
ProjectManager.StackSize=0x400
ProjectManager.TargetToolchain=Makefile
ProjectManager.ToolChainLocation=
ProjectManager.UAScriptAfterPath=
ProjectManager.UAScriptBeforePath=
ProjectManager.UnderRoot=false
ProjectManager.functionlistsort=1-SystemClock_Config-RCC-false-HAL-false,2-MX_GPIO_Init-GPIO-false-HAL-true,3-MX_LTDC_Init-LTDC-false-HAL-true,4-MX_SPI3_Init-SPI3-false-HAL-true,5-MX_USART1_UART_Init-USART1-false-HAL-true,6-MX_USB_DEVICE_Init-USB_DEVICE-false-HAL-false,7-MX_I2C1_Init-I2C1-false-HAL-true,8-MX_TIM4_Init-TIM4-false-HAL-true,9-MX_DMA2D_Init-DMA2D-false-HAL-true,0-MX_CORTEX_M7_Init-CORTEX_M7-false-HAL-true
RCC.ADCFreq_Value=50390625
RCC.AHB12Freq_Value=280000000
RCC.AHB4Freq_Value=280000000
RCC.APB1Freq_Value=140000000
RCC.APB2Freq_Value=140000000
RCC.APB3Freq_Value=140000000
RCC.APB4Freq_Value=140000000
RCC.AXIClockFreq_Value=280000000
RCC.CDCPREFreq_Value=280000000
RCC.CDPPRE=RCC_APB3_DIV2
RCC.CDPPRE1=RCC_APB1_DIV2
RCC.CDPPRE2=RCC_APB2_DIV2
RCC.CECFreq_Value=32000
RCC.CKPERFreq_Value=64000000
RCC.CortexFreq_Value=280000000
RCC.CpuClockFreq_Value=280000000
RCC.DAC1Freq_Value=32000
RCC.DAC2Freq_Value=32000
RCC.DFSDM2ACLkFreq_Value=140000000
RCC.DFSDM2Freq_Value=140000000
RCC.DFSDMACLkFreq_Value=46666666.666666664
RCC.DFSDMFreq_Value=140000000
RCC.DIVM1=5
RCC.DIVM3=2
RCC.DIVN1=112
RCC.DIVN3=24
RCC.DIVP1Freq_Value=280000000
RCC.DIVP2Freq_Value=50390625
RCC.DIVP3Freq_Value=150000000
RCC.DIVQ1=12
RCC.DIVQ1Freq_Value=46666666.666666664
RCC.DIVQ2Freq_Value=50390625
RCC.DIVQ3Freq_Value=150000000
RCC.DIVR1Freq_Value=280000000
RCC.DIVR2Freq_Value=50390625
RCC.DIVR3=25
RCC.DIVR3Freq_Value=12000000
RCC.FDCANFreq_Value=46666666.666666664
RCC.FMCFreq_Value=280000000
RCC.FamilyName=M
RCC.HCLK3ClockFreq_Value=280000000
RCC.HCLKFreq_Value=280000000
RCC.HSE_VALUE=25000000
RCC.I2C123Freq_Value=140000000
RCC.I2C4Freq_Value=140000000
RCC.IPParameters=ADCFreq_Value,AHB12Freq_Value,AHB4Freq_Value,APB1Freq_Value,APB2Freq_Value,APB3Freq_Value,APB4Freq_Value,AXIClockFreq_Value,CDCPREFreq_Value,CDPPRE,CDPPRE1,CDPPRE2,CECFreq_Value,CKPERFreq_Value,CortexFreq_Value,CpuClockFreq_Value,DAC1Freq_Value,DAC2Freq_Value,DFSDM2ACLkFreq_Value,DFSDM2Freq_Value,DFSDMACLkFreq_Value,DFSDMFreq_Value,DIVM1,DIVM3,DIVN1,DIVN3,DIVP1Freq_Value,DIVP2Freq_Value,DIVP3Freq_Value,DIVQ1,DIVQ1Freq_Value,DIVQ2Freq_Value,DIVQ3Freq_Value,DIVR1Freq_Value,DIVR2Freq_Value,DIVR3,DIVR3Freq_Value,FDCANFreq_Value,FMCFreq_Value,FamilyName,HCLK3ClockFreq_Value,HCLKFreq_Value,HSE_VALUE,I2C123Freq_Value,I2C4Freq_Value,LPTIM1Freq_Value,LPTIM2Freq_Value,LPTIM345Freq_Value,LPUART1Freq_Value,LTDCFreq_Value,MCO1PinFreq_Value,MCO2PinFreq_Value,PLL2FRACN,PLL3FRACN,PLLFRACN,PLLSourceVirtual,QSPIFreq_Value,RNGFreq_Value,RTCFreq_Value,SAI1Freq_Value,SAI2AFreq_Value,SAI2BFreq_Value,SDMMCFreq_Value,SPDIFRXFreq_Value,SPI123CLockSelection,SPI123Freq_Value,SPI45Freq_Value,SPI6Freq_Value,SRDPPRE,SWPMI1Freq_Value,SYSCLKFreq_VALUE,SYSCLKSource,Tim1OutputFreq_Value,Tim2OutputFreq_Value,TraceFreq_Value,USART16Freq_Value,USART234578Freq_Value,USBCLockSelection,USBFreq_Value,VCO1OutputFreq_Value,VCO2OutputFreq_Value,VCO3OutputFreq_Value,VCOInput1Freq_Value,VCOInput2Freq_Value,VCOInput3Freq_Value
RCC.LPTIM1Freq_Value=140000000
RCC.LPTIM2Freq_Value=140000000
RCC.LPTIM345Freq_Value=140000000
RCC.LPUART1Freq_Value=140000000
RCC.LTDCFreq_Value=12000000
RCC.MCO1PinFreq_Value=64000000
RCC.MCO2PinFreq_Value=280000000
RCC.PLL2FRACN=0
RCC.PLL3FRACN=0
RCC.PLLFRACN=0
RCC.PLLSourceVirtual=RCC_PLLSOURCE_HSE
RCC.QSPIFreq_Value=280000000
RCC.RNGFreq_Value=48000000
RCC.RTCFreq_Value=32000
RCC.SAI1Freq_Value=46666666.666666664
RCC.SAI2AFreq_Value=46666666.666666664
RCC.SAI2BFreq_Value=46666666.666666664
RCC.SDMMCFreq_Value=46666666.666666664
RCC.SPDIFRXFreq_Value=46666666.666666664
RCC.SPI123CLockSelection=RCC_SPI123CLKSOURCE_PLL3
RCC.SPI123Freq_Value=150000000
RCC.SPI45Freq_Value=140000000
RCC.SPI6Freq_Value=140000000
RCC.SRDPPRE=RCC_APB4_DIV2
RCC.SWPMI1Freq_Value=140000000
RCC.SYSCLKFreq_VALUE=280000000
RCC.SYSCLKSource=RCC_SYSCLKSOURCE_PLLCLK
RCC.Tim1OutputFreq_Value=280000000
RCC.Tim2OutputFreq_Value=280000000
RCC.TraceFreq_Value=280000000
RCC.USART16Freq_Value=140000000
RCC.USART234578Freq_Value=140000000
RCC.USBCLockSelection=RCC_USBCLKSOURCE_HSI48
RCC.USBFreq_Value=48000000
RCC.VCO1OutputFreq_Value=560000000
RCC.VCO2OutputFreq_Value=100781250
RCC.VCO3OutputFreq_Value=300000000
RCC.VCOInput1Freq_Value=5000000
RCC.VCOInput2Freq_Value=781250
RCC.VCOInput3Freq_Value=12500000
SH.GPXTI4.0=GPIO_EXTI4
SH.GPXTI4.ConfNb=1
SH.S_TIM4_CH4.0=TIM4_CH4,PWM Generation4 CH4
SH.S_TIM4_CH4.ConfNb=1
SPI3.CalculateBaudRate=75.0 MBits/s
SPI3.Direction=SPI_DIRECTION_2LINES
SPI3.IPParameters=VirtualType,Mode,Direction,CalculateBaudRate
SPI3.Mode=SPI_MODE_MASTER
SPI3.VirtualType=VM_MASTER
TIM4.AutoReloadPreload=TIM_AUTORELOAD_PRELOAD_ENABLE
TIM4.Channel-PWM\ Generation4\ CH4=TIM_CHANNEL_4
TIM4.IPParameters=Channel-PWM Generation4 CH4,Prescaler,Period,AutoReloadPreload,Pulse-PWM Generation4 CH4
TIM4.Period=999
TIM4.Prescaler=27
TIM4.Pulse-PWM\ Generation4\ CH4=300
USART1.IPParameters=VirtualMode-Asynchronous
USART1.VirtualMode-Asynchronous=VM_ASYNC
USB_DEVICE.CLASS_NAME_HS=CDC
USB_DEVICE.IPParameters=VirtualMode,VirtualModeHS,CLASS_NAME_HS
USB_DEVICE.VirtualMode=Cdc
USB_DEVICE.VirtualModeHS=Cdc_HS
USB_OTG_HS.IPParameters=VirtualMode-Device_Only_FS
USB_OTG_HS.VirtualMode-Device_Only_FS=Device_Only_FS
VP_DMA2D_VS_DMA2D.Mode=DMA2D_Activate
VP_DMA2D_VS_DMA2D.Signal=DMA2D_VS_DMA2D
VP_FREERTOS_VS_CMSIS_V2.Mode=CMSIS_V2
VP_FREERTOS_VS_CMSIS_V2.Signal=FREERTOS_VS_CMSIS_V2
VP_MEMORYMAP_VS_MEMORYMAP.Mode=CurAppReg
VP_MEMORYMAP_VS_MEMORYMAP.Signal=MEMORYMAP_VS_MEMORYMAP
VP_SYS_VS_tim8.Mode=TIM8
VP_SYS_VS_tim8.Signal=SYS_VS_tim8
VP_TIM4_VS_ClockSourceINT.Mode=Internal
VP_TIM4_VS_ClockSourceINT.Signal=TIM4_VS_ClockSourceINT
VP_USB_DEVICE_VS_USB_DEVICE_CDC_HS.Mode=CDC_HS
VP_USB_DEVICE_VS_USB_DEVICE_CDC_HS.Signal=USB_DEVICE_VS_USB_DEVICE_CDC_HS
board=custom
rtos.0.ip=FREERTOS
